
Microsoft Visual Studio Solution File, Format Version 12.00
# Visual Studio Version 17
VisualStudioVersion = 17.2.32630.192
MinimumVisualStudioVersion = 10.0.40219.1
Project("{FAE04EC0-301F-11D3-BF4B-00C04F79EFBC}") = "consoleColor changer", "consoleColor changer.csproj", "{78F34EE1-5E9C-48F3-969E-103F9CC7F2F2}"
EndProject
Global
	GlobalSection(SolutionConfigurationPlatforms) = preSolution
		Debug|Any CPU = Debug|Any CPU
		Release|Any CPU = Release|Any CPU
	EndGlobalSection
	GlobalSection(ProjectConfigurationPlatforms) = postSolution
		{78F34EE1-5E9C-48F3-969E-103F9CC7F2F2}.Debug|Any CPU.ActiveCfg = Debug|Any CPU
		{78F34EE1-5E9C-48F3-969E-103F9CC7F2F2}.Debug|Any CPU.Build.0 = Debug|Any CPU
		{78F34EE1-5E9C-48F3-969E-103F9CC7F2F2}.Release|Any CPU.ActiveCfg = Release|Any CPU
		{78F34EE1-5E9C-48F3-969E-103F9CC7F2F2}.Release|Any CPU.Build.0 = Release|Any CPU
	EndGlobalSection
	GlobalSection(SolutionProperties) = preSolution
		HideSolutionNode = FALSE
	EndGlobalSection
	GlobalSection(ExtensibilityGlobals) = postSolution
		SolutionGuid = {2164504E-A298-4683-94DA-7B9155899055}
	EndGlobalSection
EndGlobal
